
Microsoft Visual Studio Solution File, Format Version 12.00
# Visual Studio Version 17
VisualStudioVersion = 17.0.31903.59
MinimumVisualStudioVersion = 10.0.40219.1
Project("{FAE04EC0-301F-11D3-BF4B-00C04F79EFBC}") = "Fekete", "Fekete\Fekete.csproj", "{B24EE9AB-AAB4-4239-9BA2-7A7FEA1639FE}"
EndProject
Project("{FAE04EC0-301F-11D3-BF4B-00C04F79EFBC}") = "KivetelKezeles", "KivetelKezeles\KivetelKezeles.csproj", "{B504056C-C57A-43C4-8D39-FB902D58DC45}"
EndProject
Project("{FAE04EC0-301F-11D3-BF4B-00C04F79EFBC}") = "Ipv6egy", "Ipv6egy\Ipv6egy.csproj", "{3A957F4F-1259-4A64-89CA-9068E757EF39}"
EndProject
Global
	GlobalSection(SolutionConfigurationPlatforms) = preSolution
		Debug|Any CPU = Debug|Any CPU
		Debug|x64 = Debug|x64
		Debug|x86 = Debug|x86
		Release|Any CPU = Release|Any CPU
		Release|x64 = Release|x64
		Release|x86 = Release|x86
	EndGlobalSection
	GlobalSection(ProjectConfigurationPlatforms) = postSolution
		{B24EE9AB-AAB4-4239-9BA2-7A7FEA1639FE}.Debug|Any CPU.ActiveCfg = Debug|Any CPU
		{B24EE9AB-AAB4-4239-9BA2-7A7FEA1639FE}.Debug|Any CPU.Build.0 = Debug|Any CPU
		{B24EE9AB-AAB4-4239-9BA2-7A7FEA1639FE}.Debug|x64.ActiveCfg = Debug|Any CPU
		{B24EE9AB-AAB4-4239-9BA2-7A7FEA1639FE}.Debug|x64.Build.0 = Debug|Any CPU
		{B24EE9AB-AAB4-4239-9BA2-7A7FEA1639FE}.Debug|x86.ActiveCfg = Debug|Any CPU
		{B24EE9AB-AAB4-4239-9BA2-7A7FEA1639FE}.Debug|x86.Build.0 = Debug|Any CPU
		{B24EE9AB-AAB4-4239-9BA2-7A7FEA1639FE}.Release|Any CPU.ActiveCfg = Release|Any CPU
		{B24EE9AB-AAB4-4239-9BA2-7A7FEA1639FE}.Release|Any CPU.Build.0 = Release|Any CPU
		{B24EE9AB-AAB4-4239-9BA2-7A7FEA1639FE}.Release|x64.ActiveCfg = Release|Any CPU
		{B24EE9AB-AAB4-4239-9BA2-7A7FEA1639FE}.Release|x64.Build.0 = Release|Any CPU
		{B24EE9AB-AAB4-4239-9BA2-7A7FEA1639FE}.Release|x86.ActiveCfg = Release|Any CPU
		{B24EE9AB-AAB4-4239-9BA2-7A7FEA1639FE}.Release|x86.Build.0 = Release|Any CPU
		{B504056C-C57A-43C4-8D39-FB902D58DC45}.Debug|Any CPU.ActiveCfg = Debug|Any CPU
		{B504056C-C57A-43C4-8D39-FB902D58DC45}.Debug|Any CPU.Build.0 = Debug|Any CPU
		{B504056C-C57A-43C4-8D39-FB902D58DC45}.Debug|x64.ActiveCfg = Debug|Any CPU
		{B504056C-C57A-43C4-8D39-FB902D58DC45}.Debug|x64.Build.0 = Debug|Any CPU
		{B504056C-C57A-43C4-8D39-FB902D58DC45}.Debug|x86.ActiveCfg = Debug|Any CPU
		{B504056C-C57A-43C4-8D39-FB902D58DC45}.Debug|x86.Build.0 = Debug|Any CPU
		{B504056C-C57A-43C4-8D39-FB902D58DC45}.Release|Any CPU.ActiveCfg = Release|Any CPU
		{B504056C-C57A-43C4-8D39-FB902D58DC45}.Release|Any CPU.Build.0 = Release|Any CPU
		{B504056C-C57A-43C4-8D39-FB902D58DC45}.Release|x64.ActiveCfg = Release|Any CPU
		{B504056C-C57A-43C4-8D39-FB902D58DC45}.Release|x64.Build.0 = Release|Any CPU
		{B504056C-C57A-43C4-8D39-FB902D58DC45}.Release|x86.ActiveCfg = Release|Any CPU
		{B504056C-C57A-43C4-8D39-FB902D58DC45}.Release|x86.Build.0 = Release|Any CPU
		{3A957F4F-1259-4A64-89CA-9068E757EF39}.Debug|Any CPU.ActiveCfg = Debug|Any CPU
		{3A957F4F-1259-4A64-89CA-9068E757EF39}.Debug|Any CPU.Build.0 = Debug|Any CPU
		{3A957F4F-1259-4A64-89CA-9068E757EF39}.Debug|x64.ActiveCfg = Debug|Any CPU
		{3A957F4F-1259-4A64-89CA-9068E757EF39}.Debug|x64.Build.0 = Debug|Any CPU
		{3A957F4F-1259-4A64-89CA-9068E757EF39}.Debug|x86.ActiveCfg = Debug|Any CPU
		{3A957F4F-1259-4A64-89CA-9068E757EF39}.Debug|x86.Build.0 = Debug|Any CPU
		{3A957F4F-1259-4A64-89CA-9068E757EF39}.Release|Any CPU.ActiveCfg = Release|Any CPU
		{3A957F4F-1259-4A64-89CA-9068E757EF39}.Release|Any CPU.Build.0 = Release|Any CPU
		{3A957F4F-1259-4A64-89CA-9068E757EF39}.Release|x64.ActiveCfg = Release|Any CPU
		{3A957F4F-1259-4A64-89CA-9068E757EF39}.Release|x64.Build.0 = Release|Any CPU
		{3A957F4F-1259-4A64-89CA-9068E757EF39}.Release|x86.ActiveCfg = Release|Any CPU
		{3A957F4F-1259-4A64-89CA-9068E757EF39}.Release|x86.Build.0 = Release|Any CPU
	EndGlobalSection
	GlobalSection(SolutionProperties) = preSolution
		HideSolutionNode = FALSE
	EndGlobalSection
EndGlobal
